
Microsoft Visual Studio Solution File, Format Version 12.00
# Visual Studio Version 17
VisualStudioVersion = 17.1.32328.378
MinimumVisualStudioVersion = 10.0.40219.1
Project("{FAE04EC0-301F-11D3-BF4B-00C04F79EFBC}") = "DesafioInterProcess", "DesafioInterProcess\DesafioInterProcess.csproj", "{86140A1C-A4D2-4A9A-84E0-CDF79DAB1C5B}"
EndProject
Global
	GlobalSection(SolutionConfigurationPlatforms) = preSolution
		Debug|Any CPU = Debug|Any CPU
		Release|Any CPU = Release|Any CPU
	EndGlobalSection
	GlobalSection(ProjectConfigurationPlatforms) = postSolution
		{86140A1C-A4D2-4A9A-84E0-CDF79DAB1C5B}.Debug|Any CPU.ActiveCfg = Debug|Any CPU
		{86140A1C-A4D2-4A9A-84E0-CDF79DAB1C5B}.Debug|Any CPU.Build.0 = Debug|Any CPU
		{86140A1C-A4D2-4A9A-84E0-CDF79DAB1C5B}.Release|Any CPU.ActiveCfg = Release|Any CPU
		{86140A1C-A4D2-4A9A-84E0-CDF79DAB1C5B}.Release|Any CPU.Build.0 = Release|Any CPU
	EndGlobalSection
	GlobalSection(SolutionProperties) = preSolution
		HideSolutionNode = FALSE
	EndGlobalSection
	GlobalSection(ExtensibilityGlobals) = postSolution
		SolutionGuid = {4F1E7643-10C8-4258-9119-B8906A564C56}
	EndGlobalSection
EndGlobal
